
Microsoft Visual Studio Solution File, Format Version 12.00
# Visual Studio 2013
VisualStudioVersion = 12.0.30723.0
MinimumVisualStudioVersion = 10.0.40219.1
Project("{FAE04EC0-301F-11D3-BF4B-00C04F79EFBC}") = "smokeStacks", "smokeStacks\smokeStacks.csproj", "{ECF59867-D7F7-41DD-823C-A92012C496D8}"
EndProject
Project("{FAE04EC0-301F-11D3-BF4B-00C04F79EFBC}") = "smokeStacks.Tests", "smokeStacks.Tests\smokeStacks.Tests.csproj", "{59E26B5C-A12E-4B67-A6D6-45D9DEF2A551}"
EndProject
Global
	GlobalSection(SolutionConfigurationPlatforms) = preSolution
		Debug|Any CPU = Debug|Any CPU
		Release|Any CPU = Release|Any CPU
	EndGlobalSection
	GlobalSection(ProjectConfigurationPlatforms) = postSolution
		{ECF59867-D7F7-41DD-823C-A92012C496D8}.Debug|Any CPU.ActiveCfg = Debug|Any CPU
		{ECF59867-D7F7-41DD-823C-A92012C496D8}.Debug|Any CPU.Build.0 = Debug|Any CPU
		{ECF59867-D7F7-41DD-823C-A92012C496D8}.Release|Any CPU.ActiveCfg = Release|Any CPU
		{ECF59867-D7F7-41DD-823C-A92012C496D8}.Release|Any CPU.Build.0 = Release|Any CPU
		{59E26B5C-A12E-4B67-A6D6-45D9DEF2A551}.Debug|Any CPU.ActiveCfg = Debug|Any CPU
		{59E26B5C-A12E-4B67-A6D6-45D9DEF2A551}.Debug|Any CPU.Build.0 = Debug|Any CPU
		{59E26B5C-A12E-4B67-A6D6-45D9DEF2A551}.Release|Any CPU.ActiveCfg = Release|Any CPU
		{59E26B5C-A12E-4B67-A6D6-45D9DEF2A551}.Release|Any CPU.Build.0 = Release|Any CPU
	EndGlobalSection
	GlobalSection(SolutionProperties) = preSolution
		HideSolutionNode = FALSE
	EndGlobalSection
EndGlobal
